
Microsoft Visual Studio Solution File, Format Version 12.00
# Visual Studio Version 17
VisualStudioVersion = 17.9.34622.214
MinimumVisualStudioVersion = 10.0.40219.1
Project("{9A19103F-16F7-4668-BE54-9A1E7A4F7556}") = "FitnessPartner", "FitnessPartner.csproj", "{673F6967-E556-4E1E-9001-BBBFEB9523F8}"
EndProject
Project("{2150E333-8FDC-42A3-9474-1A3956D46DE8}") = "FitnessPartnerTests", "FitnessPartnerTests", "{23340EEB-E31D-4799-8A08-1707647B82EE}"
EndProject
Project("{9A19103F-16F7-4668-BE54-9A1E7A4F7556}") = "FitnessPartnerAPI.IntegrationTests", "..\Tests\FitnessPartnerAPI.IntegrationTests\FitnessPartnerAPI.IntegrationTests.csproj", "{EEC5A206-24E3-4D97-88C4-9568C05A0424}"
EndProject
Global
	GlobalSection(SolutionConfigurationPlatforms) = preSolution
		Debug|Any CPU = Debug|Any CPU
		Release|Any CPU = Release|Any CPU
	EndGlobalSection
	GlobalSection(ProjectConfigurationPlatforms) = postSolution
		{673F6967-E556-4E1E-9001-BBBFEB9523F8}.Debug|Any CPU.ActiveCfg = Debug|Any CPU
		{673F6967-E556-4E1E-9001-BBBFEB9523F8}.Debug|Any CPU.Build.0 = Debug|Any CPU
		{673F6967-E556-4E1E-9001-BBBFEB9523F8}.Release|Any CPU.ActiveCfg = Release|Any CPU
		{673F6967-E556-4E1E-9001-BBBFEB9523F8}.Release|Any CPU.Build.0 = Release|Any CPU
		{EEC5A206-24E3-4D97-88C4-9568C05A0424}.Debug|Any CPU.ActiveCfg = Debug|Any CPU
		{EEC5A206-24E3-4D97-88C4-9568C05A0424}.Debug|Any CPU.Build.0 = Debug|Any CPU
		{EEC5A206-24E3-4D97-88C4-9568C05A0424}.Release|Any CPU.ActiveCfg = Release|Any CPU
		{EEC5A206-24E3-4D97-88C4-9568C05A0424}.Release|Any CPU.Build.0 = Release|Any CPU
	EndGlobalSection
	GlobalSection(SolutionProperties) = preSolution
		HideSolutionNode = FALSE
	EndGlobalSection
	GlobalSection(NestedProjects) = preSolution
		{EEC5A206-24E3-4D97-88C4-9568C05A0424} = {23340EEB-E31D-4799-8A08-1707647B82EE}
	EndGlobalSection
	GlobalSection(ExtensibilityGlobals) = postSolution
		SolutionGuid = {EBA53F7F-BC94-486D-AD22-FE1BDAD32C58}
	EndGlobalSection
EndGlobal
